// !$*UTF8*$!
{
	archiveVersion = 1;
	classes = {
	};
	objectVersion = 50;
	objects = {

/* Begin PBXBuildFile section */
		AD8B1D0424D8FCC80060EF51 /* KenTagSelector.h in Headers */ = {isa = PBXBuildFile; fileRef = AD8B1D0224D8FCC80060EF51 /* KenTagSelector.h */; settings = {ATTRIBUTES = (Public, ); }; };
		AD8B1D1224D8FD020060EF51 /* AppDelegate.m in Sources */ = {isa = PBXBuildFile; fileRef = AD8B1D1124D8FD020060EF51 /* AppDelegate.m */; };
		AD8B1D1524D8FD020060EF51 /* SceneDelegate.m in Sources */ = {isa = PBXBuildFile; fileRef = AD8B1D1424D8FD020060EF51 /* SceneDelegate.m */; };
		AD8B1D1824D8FD020060EF51 /* ViewController.m in Sources */ = {isa = PBXBuildFile; fileRef = AD8B1D1724D8FD020060EF51 /* ViewController.m */; };
		AD8B1D1B24D8FD020060EF51 /* Main.storyboard in Resources */ = {isa = PBXBuildFile; fileRef = AD8B1D1924D8FD020060EF51 /* Main.storyboard */; };
		AD8B1D1D24D8FD040060EF51 /* Assets.xcassets in Resources */ = {isa = PBXBuildFile; fileRef = AD8B1D1C24D8FD040060EF51 /* Assets.xcassets */; };
		AD8B1D2024D8FD040060EF51 /* LaunchScreen.storyboard in Resources */ = {isa = PBXBuildFile; fileRef = AD8B1D1E24D8FD040060EF51 /* LaunchScreen.storyboard */; };
		AD8B1D2324D8FD040060EF51 /* main.m in Sources */ = {isa = PBXBuildFile; fileRef = AD8B1D2224D8FD040060EF51 /* main.m */; };
		AD8B1D2924D8FEB80060EF51 /* Channel.h in Headers */ = {isa = PBXBuildFile; fileRef = AD8B1D2724D8FEB80060EF51 /* Channel.h */; settings = {ATTRIBUTES = (Public, ); }; };
		AD8B1D2A24D8FEB80060EF51 /* Channel.m in Sources */ = {isa = PBXBuildFile; fileRef = AD8B1D2824D8FEB80060EF51 /* Channel.m */; };
		AD8B1D3324D900910060EF51 /* ChannelCollectionCell.h in Headers */ = {isa = PBXBuildFile; fileRef = AD8B1D3124D900910060EF51 /* ChannelCollectionCell.h */; settings = {ATTRIBUTES = (Public, ); }; };
		AD8B1D3424D900910060EF51 /* ChannelCollectionCell.m in Sources */ = {isa = PBXBuildFile; fileRef = AD8B1D3224D900910060EF51 /* ChannelCollectionCell.m */; };
		AD8B1D4024D931C50060EF51 /* UnselectedHeaderView.m in Sources */ = {isa = PBXBuildFile; fileRef = AD8B1D3C24D931C50060EF51 /* UnselectedHeaderView.m */; };
		AD8B1D4124D931C50060EF51 /* UnselectedHeaderView.h in Headers */ = {isa = PBXBuildFile; fileRef = AD8B1D3D24D931C50060EF51 /* UnselectedHeaderView.h */; };
		AD8B1D4224D931C50060EF51 /* SelectedHeaderView.h in Headers */ = {isa = PBXBuildFile; fileRef = AD8B1D3E24D931C50060EF51 /* SelectedHeaderView.h */; };
		AD8B1D4324D931C50060EF51 /* SelectedHeaderView.m in Sources */ = {isa = PBXBuildFile; fileRef = AD8B1D3F24D931C50060EF51 /* SelectedHeaderView.m */; };
		AD8B1D4624D936360060EF51 /* TagSelectorVC.h in Headers */ = {isa = PBXBuildFile; fileRef = AD8B1D4424D936360060EF51 /* TagSelectorVC.h */; settings = {ATTRIBUTES = (Public, ); }; };
		AD8B1D4724D936360060EF51 /* TagSelectorVC.m in Sources */ = {isa = PBXBuildFile; fileRef = AD8B1D4524D936360060EF51 /* TagSelectorVC.m */; };
		AD8B1D5124D941800060EF51 /* KenTagSelector.xcassets in Resources */ = {isa = PBXBuildFile; fileRef = AD8B1D5024D941800060EF51 /* KenTagSelector.xcassets */; };
		AD8B1D5224D944D20060EF51 /* KenTagSelector.framework in Frameworks */ = {isa = PBXBuildFile; fileRef = AD8B1CFF24D8FCC80060EF51 /* KenTagSelector.framework */; };
		AD8B1D5324D944D20060EF51 /* KenTagSelector.framework in Embed Frameworks */ = {isa = PBXBuildFile; fileRef = AD8B1CFF24D8FCC80060EF51 /* KenTagSelector.framework */; settings = {ATTRIBUTES = (CodeSignOnCopy, RemoveHeadersOnCopy, ); }; };
		AD8B1D5824D9468A0060EF51 /* KenTagSelectorUtils.h in Headers */ = {isa = PBXBuildFile; fileRef = AD8B1D5624D9468A0060EF51 /* KenTagSelectorUtils.h */; };
		AD8B1D5924D9468A0060EF51 /* KenTagSelectorUtils.m in Sources */ = {isa = PBXBuildFile; fileRef = AD8B1D5724D9468A0060EF51 /* KenTagSelectorUtils.m */; };
/* End PBXBuildFile section */

/* Begin PBXContainerItemProxy section */
		AD8B1D4B24D938F40060EF51 /* PBXContainerItemProxy */ = {
			isa = PBXContainerItemProxy;
			containerPortal = AD8B1CF624D8FCC80060EF51 /* Project object */;
			proxyType = 1;
			remoteGlobalIDString = AD8B1CFE24D8FCC80060EF51;
			remoteInfo = KenTagSelector;
		};
/* End PBXContainerItemProxy section */

/* Begin PBXCopyFilesBuildPhase section */
		AD8B1D5424D944D20060EF51 /* Embed Frameworks */ = {
			isa = PBXCopyFilesBuildPhase;
			buildActionMask = 2147483647;
			dstPath = "";
			dstSubfolderSpec = 10;
			files = (
				AD8B1D5324D944D20060EF51 /* KenTagSelector.framework in Embed Frameworks */,
			);
			name = "Embed Frameworks";
			runOnlyForDeploymentPostprocessing = 0;
		};
/* End PBXCopyFilesBuildPhase section */

/* Begin PBXFileReference section */
		AD8B1CFF24D8FCC80060EF51 /* KenTagSelector.framework */ = {isa = PBXFileReference; explicitFileType = wrapper.framework; includeInIndex = 0; path = KenTagSelector.framework; sourceTree = BUILT_PRODUCTS_DIR; };
		AD8B1D0224D8FCC80060EF51 /* KenTagSelector.h */ = {isa = PBXFileReference; lastKnownFileType = sourcecode.c.h; path = KenTagSelector.h; sourceTree = "<group>"; };
		AD8B1D0324D8FCC80060EF51 /* Info.plist */ = {isa = PBXFileReference; lastKnownFileType = text.plist.xml; path = Info.plist; sourceTree = "<group>"; };
		AD8B1D0E24D8FD020060EF51 /* KenTagSelectorDemo.app */ = {isa = PBXFileReference; explicitFileType = wrapper.application; includeInIndex = 0; path = KenTagSelectorDemo.app; sourceTree = BUILT_PRODUCTS_DIR; };
		AD8B1D1024D8FD020060EF51 /* AppDelegate.h */ = {isa = PBXFileReference; lastKnownFileType = sourcecode.c.h; path = AppDelegate.h; sourceTree = "<group>"; };
		AD8B1D1124D8FD020060EF51 /* AppDelegate.m */ = {isa = PBXFileReference; lastKnownFileType = sourcecode.c.objc; path = AppDelegate.m; sourceTree = "<group>"; };
		AD8B1D1324D8FD020060EF51 /* SceneDelegate.h */ = {isa = PBXFileReference; lastKnownFileType = sourcecode.c.h; path = SceneDelegate.h; sourceTree = "<group>"; };
		AD8B1D1424D8FD020060EF51 /* SceneDelegate.m */ = {isa = PBXFileReference; lastKnownFileType = sourcecode.c.objc; path = SceneDelegate.m; sourceTree = "<group>"; };
		AD8B1D1624D8FD020060EF51 /* ViewController.h */ = {isa = PBXFileReference; lastKnownFileType = sourcecode.c.h; path = ViewController.h; sourceTree = "<group>"; };
		AD8B1D1724D8FD020060EF51 /* ViewController.m */ = {isa = PBXFileReference; lastKnownFileType = sourcecode.c.objc; path = ViewController.m; sourceTree = "<group>"; };
		AD8B1D1A24D8FD020060EF51 /* Base */ = {isa = PBXFileReference; lastKnownFileType = file.storyboard; name = Base; path = Base.lproj/Main.storyboard; sourceTree = "<group>"; };
		AD8B1D1C24D8FD040060EF51 /* Assets.xcassets */ = {isa = PBXFileReference; lastKnownFileType = folder.assetcatalog; path = Assets.xcassets; sourceTree = "<group>"; };
		AD8B1D1F24D8FD040060EF51 /* Base */ = {isa = PBXFileReference; lastKnownFileType = file.storyboard; name = Base; path = Base.lproj/LaunchScreen.storyboard; sourceTree = "<group>"; };
		AD8B1D2124D8FD040060EF51 /* Info.plist */ = {isa = PBXFileReference; lastKnownFileType = text.plist.xml; path = Info.plist; sourceTree = "<group>"; };
		AD8B1D2224D8FD040060EF51 /* main.m */ = {isa = PBXFileReference; lastKnownFileType = sourcecode.c.objc; path = main.m; sourceTree = "<group>"; };
		AD8B1D2724D8FEB80060EF51 /* Channel.h */ = {isa = PBXFileReference; lastKnownFileType = sourcecode.c.h; path = Channel.h; sourceTree = "<group>"; };
		AD8B1D2824D8FEB80060EF51 /* Channel.m */ = {isa = PBXFileReference; lastKnownFileType = sourcecode.c.objc; path = Channel.m; sourceTree = "<group>"; };
		AD8B1D3124D900910060EF51 /* ChannelCollectionCell.h */ = {isa = PBXFileReference; lastKnownFileType = sourcecode.c.h; path = ChannelCollectionCell.h; sourceTree = "<group>"; };
		AD8B1D3224D900910060EF51 /* ChannelCollectionCell.m */ = {isa = PBXFileReference; lastKnownFileType = sourcecode.c.objc; path = ChannelCollectionCell.m; sourceTree = "<group>"; };
		AD8B1D3C24D931C50060EF51 /* UnselectedHeaderView.m */ = {isa = PBXFileReference; fileEncoding = 4; lastKnownFileType = sourcecode.c.objc; path = UnselectedHeaderView.m; sourceTree = "<group>"; };
		AD8B1D3D24D931C50060EF51 /* UnselectedHeaderView.h */ = {isa = PBXFileReference; fileEncoding = 4; lastKnownFileType = sourcecode.c.h; path = UnselectedHeaderView.h; sourceTree = "<group>"; };
		AD8B1D3E24D931C50060EF51 /* SelectedHeaderView.h */ = {isa = PBXFileReference; fileEncoding = 4; lastKnownFileType = sourcecode.c.h; path = SelectedHeaderView.h; sourceTree = "<group>"; };
		AD8B1D3F24D931C50060EF51 /* SelectedHeaderView.m */ = {isa = PBXFileReference; fileEncoding = 4; lastKnownFileType = sourcecode.c.objc; path = SelectedHeaderView.m; sourceTree = "<group>"; };
		AD8B1D4424D936360060EF51 /* TagSelectorVC.h */ = {isa = PBXFileReference; lastKnownFileType = sourcecode.c.h; path = TagSelectorVC.h; sourceTree = "<group>"; };
		AD8B1D4524D936360060EF51 /* TagSelectorVC.m */ = {isa = PBXFileReference; lastKnownFileType = sourcecode.c.objc; path = TagSelectorVC.m; sourceTree = "<group>"; };
		AD8B1D5024D941800060EF51 /* KenTagSelector.xcassets */ = {isa = PBXFileReference; lastKnownFileType = folder.assetcatalog; path = KenTagSelector.xcassets; sourceTree = "<group>"; };
		AD8B1D5624D9468A0060EF51 /* KenTagSelectorUtils.h */ = {isa = PBXFileReference; lastKnownFileType = sourcecode.c.h; path = KenTagSelectorUtils.h; sourceTree = "<group>"; };
		AD8B1D5724D9468A0060EF51 /* KenTagSelectorUtils.m */ = {isa = PBXFileReference; lastKnownFileType = sourcecode.c.objc; path = KenTagSelectorUtils.m; sourceTree = "<group>"; };
/* End PBXFileReference section */

/* Begin PBXFrameworksBuildPhase section */
		AD8B1CFC24D8FCC80060EF51 /* Frameworks */ = {
			isa = PBXFrameworksBuildPhase;
			buildActionMask = 2147483647;
			files = (
			);
			runOnlyForDeploymentPostprocessing = 0;
		};
		AD8B1D0B24D8FD020060EF51 /* Frameworks */ = {
			isa = PBXFrameworksBuildPhase;
			buildActionMask = 2147483647;
			files = (
				AD8B1D5224D944D20060EF51 /* KenTagSelector.framework in Frameworks */,
			);
			runOnlyForDeploymentPostprocessing = 0;
		};
/* End PBXFrameworksBuildPhase section */

/* Begin PBXGroup section */
		AD8B1CF524D8FCC80060EF51 = {
			isa = PBXGroup;
			children = (
				AD8B1D0124D8FCC80060EF51 /* KenTagSelector */,
				AD8B1D0F24D8FD020060EF51 /* KenTagSelectorDemo */,
				AD8B1D0024D8FCC80060EF51 /* Products */,
				AD8B1D4824D938F40060EF51 /* Frameworks */,
			);
			sourceTree = "<group>";
		};
		AD8B1D0024D8FCC80060EF51 /* Products */ = {
			isa = PBXGroup;
			children = (
				AD8B1CFF24D8FCC80060EF51 /* KenTagSelector.framework */,
				AD8B1D0E24D8FD020060EF51 /* KenTagSelectorDemo.app */,
			);
			name = Products;
			sourceTree = "<group>";
		};
		AD8B1D0124D8FCC80060EF51 /* KenTagSelector */ = {
			isa = PBXGroup;
			children = (
				AD8B1D5524D9466F0060EF51 /* Utils */,
				AD8B1D3B24D931A80060EF51 /* ViewController */,
				AD8B1D2C24D8FFFE0060EF51 /* View */,
				AD8B1D2B24D8FEDE0060EF51 /* Model */,
				AD8B1D0224D8FCC80060EF51 /* KenTagSelector.h */,
				AD8B1D0324D8FCC80060EF51 /* Info.plist */,
				AD8B1D5024D941800060EF51 /* KenTagSelector.xcassets */,
			);
			path = KenTagSelector;
			sourceTree = "<group>";
		};
		AD8B1D0F24D8FD020060EF51 /* KenTagSelectorDemo */ = {
			isa = PBXGroup;
			children = (
				AD8B1D1024D8FD020060EF51 /* AppDelegate.h */,
				AD8B1D1124D8FD020060EF51 /* AppDelegate.m */,
				AD8B1D1324D8FD020060EF51 /* SceneDelegate.h */,
				AD8B1D1424D8FD020060EF51 /* SceneDelegate.m */,
				AD8B1D1624D8FD020060EF51 /* ViewController.h */,
				AD8B1D1724D8FD020060EF51 /* ViewController.m */,
				AD8B1D1924D8FD020060EF51 /* Main.storyboard */,
				AD8B1D1C24D8FD040060EF51 /* Assets.xcassets */,
				AD8B1D1E24D8FD040060EF51 /* LaunchScreen.storyboard */,
				AD8B1D2124D8FD040060EF51 /* Info.plist */,
				AD8B1D2224D8FD040060EF51 /* main.m */,
			);
			path = KenTagSelectorDemo;
			sourceTree = "<group>";
		};
		AD8B1D2B24D8FEDE0060EF51 /* Model */ = {
			isa = PBXGroup;
			children = (
				AD8B1D2724D8FEB80060EF51 /* Channel.h */,
				AD8B1D2824D8FEB80060EF51 /* Channel.m */,
			);
			path = Model;
			sourceTree = "<group>";
		};
		AD8B1D2C24D8FFFE0060EF51 /* View */ = {
			isa = PBXGroup;
			children = (
				AD8B1D3124D900910060EF51 /* ChannelCollectionCell.h */,
				AD8B1D3224D900910060EF51 /* ChannelCollectionCell.m */,
				AD8B1D3E24D931C50060EF51 /* SelectedHeaderView.h */,
				AD8B1D3F24D931C50060EF51 /* SelectedHeaderView.m */,
				AD8B1D3D24D931C50060EF51 /* UnselectedHeaderView.h */,
				AD8B1D3C24D931C50060EF51 /* UnselectedHeaderView.m */,
			);
			path = View;
			sourceTree = "<group>";
		};
		AD8B1D3B24D931A80060EF51 /* ViewController */ = {
			isa = PBXGroup;
			children = (
				AD8B1D4424D936360060EF51 /* TagSelectorVC.h */,
				AD8B1D4524D936360060EF51 /* TagSelectorVC.m */,
			);
			path = ViewController;
			sourceTree = "<group>";
		};
		AD8B1D4824D938F40060EF51 /* Frameworks */ = {
			isa = PBXGroup;
			children = (
			);
			name = Frameworks;
			sourceTree = "<group>";
		};
		AD8B1D5524D9466F0060EF51 /* Utils */ = {
			isa = PBXGroup;
			children = (
				AD8B1D5624D9468A0060EF51 /* KenTagSelectorUtils.h */,
				AD8B1D5724D9468A0060EF51 /* KenTagSelectorUtils.m */,
			);
			path = Utils;
			sourceTree = "<group>";
		};
/* End PBXGroup section */

/* Begin PBXHeadersBuildPhase section */
		AD8B1CFA24D8FCC80060EF51 /* Headers */ = {
			isa = PBXHeadersBuildPhase;
			buildActionMask = 2147483647;
			files = (
				AD8B1D4124D931C50060EF51 /* UnselectedHeaderView.h in Headers */,
				AD8B1D4624D936360060EF51 /* TagSelectorVC.h in Headers */,
				AD8B1D3324D900910060EF51 /* ChannelCollectionCell.h in Headers */,
				AD8B1D2924D8FEB80060EF51 /* Channel.h in Headers */,
				AD8B1D5824D9468A0060EF51 /* KenTagSelectorUtils.h in Headers */,
				AD8B1D0424D8FCC80060EF51 /* KenTagSelector.h in Headers */,
				AD8B1D4224D931C50060EF51 /* SelectedHeaderView.h in Headers */,
			);
			runOnlyForDeploymentPostprocessing = 0;
		};
/* End PBXHeadersBuildPhase section */

/* Begin PBXNativeTarget section */
		AD8B1CFE24D8FCC80060EF51 /* KenTagSelector */ = {
			isa = PBXNativeTarget;
			buildConfigurationList = AD8B1D0724D8FCC80060EF51 /* Build configuration list for PBXNativeTarget "KenTagSelector" */;
			buildPhases = (
				AD8B1CFA24D8FCC80060EF51 /* Headers */,
				AD8B1CFB24D8FCC80060EF51 /* Sources */,
				AD8B1CFC24D8FCC80060EF51 /* Frameworks */,
				AD8B1CFD24D8FCC80060EF51 /* Resources */,
			);
			buildRules = (
			);
			dependencies = (
			);
			name = KenTagSelector;
			productName = KenTagSelector;
			productReference = AD8B1CFF24D8FCC80060EF51 /* KenTagSelector.framework */;
			productType = "com.apple.product-type.framework";
		};
		AD8B1D0D24D8FD020060EF51 /* KenTagSelectorDemo */ = {
			isa = PBXNativeTarget;
			buildConfigurationList = AD8B1D2424D8FD040060EF51 /* Build configuration list for PBXNativeTarget "KenTagSelectorDemo" */;
			buildPhases = (
				AD8B1D0A24D8FD020060EF51 /* Sources */,
				AD8B1D0B24D8FD020060EF51 /* Frameworks */,
				AD8B1D0C24D8FD020060EF51 /* Resources */,
				AD8B1D5424D944D20060EF51 /* Embed Frameworks */,
			);
			buildRules = (
			);
			dependencies = (
				AD8B1D4C24D938F40060EF51 /* PBXTargetDependency */,
			);
			name = KenTagSelectorDemo;
			productName = KenTagSelectorDemo;
			productReference = AD8B1D0E24D8FD020060EF51 /* KenTagSelectorDemo.app */;
			productType = "com.apple.product-type.application";
		};
/* End PBXNativeTarget section */

/* Begin PBXProject section */
		AD8B1CF624D8FCC80060EF51 /* Project object */ = {
			isa = PBXProject;
			attributes = {
				LastUpgradeCheck = 1160;
				ORGANIZATIONNAME = "KANG HAN";
				TargetAttributes = {
					AD8B1CFE24D8FCC80060EF51 = {
						CreatedOnToolsVersion = 11.6;
					};
					AD8B1D0D24D8FD020060EF51 = {
						CreatedOnToolsVersion = 11.6;
					};
				};
			};
			buildConfigurationList = AD8B1CF924D8FCC80060EF51 /* Build configuration list for PBXProject "KenTagSelector" */;
			compatibilityVersion = "Xcode 9.3";
			developmentRegion = en;
			hasScannedForEncodings = 0;
			knownRegions = (
				en,
				Base,
			);
			mainGroup = AD8B1CF524D8FCC80060EF51;
			productRefGroup = AD8B1D0024D8FCC80060EF51 /* Products */;
			projectDirPath = "";
			projectRoot = "";
			targets = (
				AD8B1CFE24D8FCC80060EF51 /* KenTagSelector */,
				AD8B1D0D24D8FD020060EF51 /* KenTagSelectorDemo */,
			);
		};
/* End PBXProject section */

/* Begin PBXResourcesBuildPhase section */
		AD8B1CFD24D8FCC80060EF51 /* Resources */ = {
			isa = PBXResourcesBuildPhase;
			buildActionMask = 2147483647;
			files = (
				AD8B1D5124D941800060EF51 /* KenTagSelector.xcassets in Resources */,
			);
			runOnlyForDeploymentPostprocessing = 0;
		};
		AD8B1D0C24D8FD020060EF51 /* Resources */ = {
			isa = PBXResourcesBuildPhase;
			buildActionMask = 2147483647;
			files = (
				AD8B1D2024D8FD040060EF51 /* LaunchScreen.storyboard in Resources */,
				AD8B1D1D24D8FD040060EF51 /* Assets.xcassets in Resources */,
				AD8B1D1B24D8FD020060EF51 /* Main.storyboard in Resources */,
			);
			runOnlyForDeploymentPostprocessing = 0;
		};
/* End PBXResourcesBuildPhase section */

/* Begin PBXSourcesBuildPhase section */
		AD8B1CFB24D8FCC80060EF51 /* Sources */ = {
			isa = PBXSourcesBuildPhase;
			buildActionMask = 2147483647;
			files = (
				AD8B1D4324D931C50060EF51 /* SelectedHeaderView.m in Sources */,
				AD8B1D2A24D8FEB80060EF51 /* Channel.m in Sources */,
				AD8B1D4024D931C50060EF51 /* UnselectedHeaderView.m in Sources */,
				AD8B1D5924D9468A0060EF51 /* KenTagSelectorUtils.m in Sources */,
				AD8B1D3424D900910060EF51 /* ChannelCollectionCell.m in Sources */,
				AD8B1D4724D936360060EF51 /* TagSelectorVC.m in Sources */,
			);
			runOnlyForDeploymentPostprocessing = 0;
		};
		AD8B1D0A24D8FD020060EF51 /* Sources */ = {
			isa = PBXSourcesBuildPhase;
			buildActionMask = 2147483647;
			files = (
				AD8B1D1824D8FD020060EF51 /* ViewController.m in Sources */,
				AD8B1D1224D8FD020060EF51 /* AppDelegate.m in Sources */,
				AD8B1D2324D8FD040060EF51 /* main.m in Sources */,
				AD8B1D1524D8FD020060EF51 /* SceneDelegate.m in Sources */,
			);
			runOnlyForDeploymentPostprocessing = 0;
		};
/* End PBXSourcesBuildPhase section */

/* Begin PBXTargetDependency section */
		AD8B1D4C24D938F40060EF51 /* PBXTargetDependency */ = {
			isa = PBXTargetDependency;
			target = AD8B1CFE24D8FCC80060EF51 /* KenTagSelector */;
			targetProxy = AD8B1D4B24D938F40060EF51 /* PBXContainerItemProxy */;
		};
/* End PBXTargetDependency section */

/* Begin PBXVariantGroup section */
		AD8B1D1924D8FD020060EF51 /* Main.storyboard */ = {
			isa = PBXVariantGroup;
			children = (
				AD8B1D1A24D8FD020060EF51 /* Base */,
			);
			name = Main.storyboard;
			sourceTree = "<group>";
		};
		AD8B1D1E24D8FD040060EF51 /* LaunchScreen.storyboard */ = {
			isa = PBXVariantGroup;
			children = (
				AD8B1D1F24D8FD040060EF51 /* Base */,
			);
			name = LaunchScreen.storyboard;
			sourceTree = "<group>";
		};
/* End PBXVariantGroup section */

/* Begin XCBuildConfiguration section */
		AD8B1D0524D8FCC80060EF51 /* Debug */ = {
			isa = XCBuildConfiguration;
			buildSettings = {
				ALWAYS_SEARCH_USER_PATHS = NO;
				CLANG_ANALYZER_NONNULL = YES;
				CLANG_ANALYZER_NUMBER_OBJECT_CONVERSION = YES_AGGRESSIVE;
				CLANG_CXX_LANGUAGE_STANDARD = "gnu++14";
				CLANG_CXX_LIBRARY = "libc++";
				CLANG_ENABLE_MODULES = YES;
				CLANG_ENABLE_OBJC_ARC = YES;
				CLANG_ENABLE_OBJC_WEAK = YES;
				CLANG_WARN_BLOCK_CAPTURE_AUTORELEASING = YES;
				CLANG_WARN_BOOL_CONVERSION = YES;
				CLANG_WARN_COMMA = YES;
				CLANG_WARN_CONSTANT_CONVERSION = YES;
				CLANG_WARN_DEPRECATED_OBJC_IMPLEMENTATIONS = YES;
				CLANG_WARN_DIRECT_OBJC_ISA_USAGE = YES_ERROR;
				CLANG_WARN_DOCUMENTATION_COMMENTS = YES;
				CLANG_WARN_EMPTY_BODY = YES;
				CLANG_WARN_ENUM_CONVERSION = YES;
				CLANG_WARN_INFINITE_RECURSION = YES;
				CLANG_WARN_INT_CONVERSION = YES;
				CLANG_WARN_NON_LITERAL_NULL_CONVERSION = YES;
				CLANG_WARN_OBJC_IMPLICIT_RETAIN_SELF = YES;
				CLANG_WARN_OBJC_LITERAL_CONVERSION = YES;
				CLANG_WARN_OBJC_ROOT_CLASS = YES_ERROR;
				CLANG_WARN_RANGE_LOOP_ANALYSIS = YES;
				CLANG_WARN_STRICT_PROTOTYPES = YES;
				CLANG_WARN_SUSPICIOUS_MOVE = YES;
				CLANG_WARN_UNGUARDED_AVAILABILITY = YES_AGGRESSIVE;
				CLANG_WARN_UNREACHABLE_CODE = YES;
				CLANG_WARN__DUPLICATE_METHOD_MATCH = YES;
				COPY_PHASE_STRIP = NO;
				CURRENT_PROJECT_VERSION = 1;
				DEBUG_INFORMATION_FORMAT = dwarf;
				ENABLE_STRICT_OBJC_MSGSEND = YES;
				ENABLE_TESTABILITY = YES;
				GCC_C_LANGUAGE_STANDARD = gnu11;
				GCC_DYNAMIC_NO_PIC = NO;
				GCC_NO_COMMON_BLOCKS = YES;
				GCC_OPTIMIZATION_LEVEL = 0;
				GCC_PREPROCESSOR_DEFINITIONS = (
					"DEBUG=1",
					"$(inherited)",
				);
				GCC_WARN_64_TO_32_BIT_CONVERSION = YES;
				GCC_WARN_ABOUT_RETURN_TYPE = YES_ERROR;
				GCC_WARN_UNDECLARED_SELECTOR = YES;
				GCC_WARN_UNINITIALIZED_AUTOS = YES_AGGRESSIVE;
				GCC_WARN_UNUSED_FUNCTION = YES;
				GCC_WARN_UNUSED_VARIABLE = YES;
				IPHONEOS_DEPLOYMENT_TARGET = 11.0;
				MTL_ENABLE_DEBUG_INFO = INCLUDE_SOURCE;
				MTL_FAST_MATH = YES;
				ONLY_ACTIVE_ARCH = YES;
				SDKROOT = iphoneos;
				VERSIONING_SYSTEM = "apple-generic";
				VERSION_INFO_PREFIX = "";
			};
			name = Debug;
		};
		AD8B1D0624D8FCC80060EF51 /* Release */ = {
			isa = XCBuildConfiguration;
			buildSettings = {
				ALWAYS_SEARCH_USER_PATHS = NO;
				CLANG_ANALYZER_NONNULL = YES;
				CLANG_ANALYZER_NUMBER_OBJECT_CONVERSION = YES_AGGRESSIVE;
				CLANG_CXX_LANGUAGE_STANDARD = "gnu++14";
				CLANG_CXX_LIBRARY = "libc++";
				CLANG_ENABLE_MODULES = YES;
				CLANG_ENABLE_OBJC_ARC = YES;
				CLANG_ENABLE_OBJC_WEAK = YES;
				CLANG_WARN_BLOCK_CAPTURE_AUTORELEASING = YES;
				CLANG_WARN_BOOL_CONVERSION = YES;
				CLANG_WARN_COMMA = YES;
				CLANG_WARN_CONSTANT_CONVERSION = YES;
				CLANG_WARN_DEPRECATED_OBJC_IMPLEMENTATIONS = YES;
				CLANG_WARN_DIRECT_OBJC_ISA_USAGE = YES_ERROR;
				CLANG_WARN_DOCUMENTATION_COMMENTS = YES;
				CLANG_WARN_EMPTY_BODY = YES;
				CLANG_WARN_ENUM_CONVERSION = YES;
				CLANG_WARN_INFINITE_RECURSION = YES;
				CLANG_WARN_INT_CONVERSION = YES;
				CLANG_WARN_NON_LITERAL_NULL_CONVERSION = YES;
				CLANG_WARN_OBJC_IMPLICIT_RETAIN_SELF = YES;
				CLANG_WARN_OBJC_LITERAL_CONVERSION = YES;
				CLANG_WARN_OBJC_ROOT_CLASS = YES_ERROR;
				CLANG_WARN_RANGE_LOOP_ANALYSIS = YES;
				CLANG_WARN_STRICT_PROTOTYPES = YES;
				CLANG_WARN_SUSPICIOUS_MOVE = YES;
				CLANG_WARN_UNGUARDED_AVAILABILITY = YES_AGGRESSIVE;
				CLANG_WARN_UNREACHABLE_CODE = YES;
				CLANG_WARN__DUPLICATE_METHOD_MATCH = YES;
				COPY_PHASE_STRIP = NO;
				CURRENT_PROJECT_VERSION = 1;
				DEBUG_INFORMATION_FORMAT = "dwarf-with-dsym";
				ENABLE_NS_ASSERTIONS = NO;
				ENABLE_STRICT_OBJC_MSGSEND = YES;
				GCC_C_LANGUAGE_STANDARD = gnu11;
				GCC_NO_COMMON_BLOCKS = YES;
				GCC_WARN_64_TO_32_BIT_CONVERSION = YES;
				GCC_WARN_ABOUT_RETURN_TYPE = YES_ERROR;
				GCC_WARN_UNDECLARED_SELECTOR = YES;
				GCC_WARN_UNINITIALIZED_AUTOS = YES_AGGRESSIVE;
				GCC_WARN_UNUSED_FUNCTION = YES;
				GCC_WARN_UNUSED_VARIABLE = YES;
				IPHONEOS_DEPLOYMENT_TARGET = 11.0;
				MTL_ENABLE_DEBUG_INFO = NO;
				MTL_FAST_MATH = YES;
				SDKROOT = iphoneos;
				VALIDATE_PRODUCT = YES;
				VERSIONING_SYSTEM = "apple-generic";
				VERSION_INFO_PREFIX = "";
			};
			name = Release;
		};
		AD8B1D0824D8FCC80060EF51 /* Debug */ = {
			isa = XCBuildConfiguration;
			buildSettings = {
				CODE_SIGN_STYLE = Automatic;
				DEFINES_MODULE = YES;
				DEVELOPMENT_TEAM = EB8QBCY43A;
				DYLIB_COMPATIBILITY_VERSION = 1;
				DYLIB_CURRENT_VERSION = 1;
				DYLIB_INSTALL_NAME_BASE = "@rpath";
				INFOPLIST_FILE = KenTagSelector/Info.plist;
				INSTALL_PATH = "$(LOCAL_LIBRARY_DIR)/Frameworks";
				IPHONEOS_DEPLOYMENT_TARGET = 11.0;
				LD_RUNPATH_SEARCH_PATHS = (
					"$(inherited)",
					"@executable_path/Frameworks",
					"@loader_path/Frameworks",
				);
				PRODUCT_BUNDLE_IDENTIFIER = "cn.ken-hanks.KenTagSelector";
				PRODUCT_NAME = "$(TARGET_NAME:c99extidentifier)";
				SKIP_INSTALL = YES;
				SUPPORTS_MACCATALYST = NO;
				TARGETED_DEVICE_FAMILY = "1,2";
			};
			name = Debug;
		};
		AD8B1D0924D8FCC80060EF51 /* Release */ = {
			isa = XCBuildConfiguration;
			buildSettings = {
				CODE_SIGN_STYLE = Automatic;
				DEFINES_MODULE = YES;
				DEVELOPMENT_TEAM = EB8QBCY43A;
				DYLIB_COMPATIBILITY_VERSION = 1;
				DYLIB_CURRENT_VERSION = 1;
				DYLIB_INSTALL_NAME_BASE = "@rpath";
				INFOPLIST_FILE = KenTagSelector/Info.plist;
				INSTALL_PATH = "$(LOCAL_LIBRARY_DIR)/Frameworks";
				IPHONEOS_DEPLOYMENT_TARGET = 11.0;
				LD_RUNPATH_SEARCH_PATHS = (
					"$(inherited)",
					"@executable_path/Frameworks",
					"@loader_path/Frameworks",
				);
				PRODUCT_BUNDLE_IDENTIFIER = "cn.ken-hanks.KenTagSelector";
				PRODUCT_NAME = "$(TARGET_NAME:c99extidentifier)";
				SKIP_INSTALL = YES;
				SUPPORTS_MACCATALYST = NO;
				TARGETED_DEVICE_FAMILY = "1,2";
			};
			name = Release;
		};
		AD8B1D2524D8FD040060EF51 /* Debug */ = {
			isa = XCBuildConfiguration;
			buildSettings = {
				ASSETCATALOG_COMPILER_APPICON_NAME = AppIcon;
				CLANG_ALLOW_NON_MODULAR_INCLUDES_IN_FRAMEWORK_MODULES = NO;
				CODE_SIGN_STYLE = Automatic;
				DEVELOPMENT_TEAM = EB8QBCY43A;
				INFOPLIST_FILE = KenTagSelectorDemo/Info.plist;
				IPHONEOS_DEPLOYMENT_TARGET = 11.0;
				LD_RUNPATH_SEARCH_PATHS = (
					"$(inherited)",
					"@executable_path/Frameworks",
				);
				PRODUCT_BUNDLE_IDENTIFIER = "cn.ken-hanks.KenTagSelectorDemo";
				PRODUCT_NAME = "$(TARGET_NAME)";
				TARGETED_DEVICE_FAMILY = "1,2";
			};
			name = Debug;
		};
		AD8B1D2624D8FD040060EF51 /* Release */ = {
			isa = XCBuildConfiguration;
			buildSettings = {
				ASSETCATALOG_COMPILER_APPICON_NAME = AppIcon;
				CLANG_ALLOW_NON_MODULAR_INCLUDES_IN_FRAMEWORK_MODULES = NO;
				CODE_SIGN_STYLE = Automatic;
				DEVELOPMENT_TEAM = EB8QBCY43A;
				INFOPLIST_FILE = KenTagSelectorDemo/Info.plist;
				IPHONEOS_DEPLOYMENT_TARGET = 11.0;
				LD_RUNPATH_SEARCH_PATHS = (
					"$(inherited)",
					"@executable_path/Frameworks",
				);
				PRODUCT_BUNDLE_IDENTIFIER = "cn.ken-hanks.KenTagSelectorDemo";
				PRODUCT_NAME = "$(TARGET_NAME)";
				TARGETED_DEVICE_FAMILY = "1,2";
			};
			name = Release;
		};
/* End XCBuildConfiguration section */

/* Begin XCConfigurationList section */
		AD8B1CF924D8FCC80060EF51 /* Build configuration list for PBXProject "KenTagSelector" */ = {
			isa = XCConfigurationList;
			buildConfigurations = (
				AD8B1D0524D8FCC80060EF51 /* Debug */,
				AD8B1D0624D8FCC80060EF51 /* Release */,
			);
			defaultConfigurationIsVisible = 0;
			defaultConfigurationName = Release;
		};
		AD8B1D0724D8FCC80060EF51 /* Build configuration list for PBXNativeTarget "KenTagSelector" */ = {
			isa = XCConfigurationList;
			buildConfigurations = (
				AD8B1D0824D8FCC80060EF51 /* Debug */,
				AD8B1D0924D8FCC80060EF51 /* Release */,
			);
			defaultConfigurationIsVisible = 0;
			defaultConfigurationName = Release;
		};
		AD8B1D2424D8FD040060EF51 /* Build configuration list for PBXNativeTarget "KenTagSelectorDemo" */ = {
			isa = XCConfigurationList;
			buildConfigurations = (
				AD8B1D2524D8FD040060EF51 /* Debug */,
				AD8B1D2624D8FD040060EF51 /* Release */,
			);
			defaultConfigurationIsVisible = 0;
			defaultConfigurationName = Release;
		};
/* End XCConfigurationList section */
	};
	rootObject = AD8B1CF624D8FCC80060EF51 /* Project object */;
}
